
Microsoft Visual Studio Solution File, Format Version 12.00
# Visual Studio 14
VisualStudioVersion = 14.0.23107.0
MinimumVisualStudioVersion = 10.0.40219.1
Project("{FAE04EC0-301F-11D3-BF4B-00C04F79EFBC}") = "Compiler", "Source\Compiler\Compiler.csproj", "{8823091C-387F-4F4D-ABCD-8F71D1528CBB}"
	ProjectSection(ProjectDependencies) = postProject
		{D49BF60F-6F8C-4686-8BF7-1A6B45CC15BE} = {D49BF60F-6F8C-4686-8BF7-1A6B45CC15BE}
		{96F3A853-B30A-4413-98C8-C9AAA4C084DE} = {96F3A853-B30A-4413-98C8-C9AAA4C084DE}
		{C95B6D75-A774-4099-9A8C-428D8BF68DB2} = {C95B6D75-A774-4099-9A8C-428D8BF68DB2}
	EndProjectSection
EndProject
Project("{FAE04EC0-301F-11D3-BF4B-00C04F79EFBC}") = "Tests", "Tests\Tests.csproj", "{EC9C05C6-0E59-4DE3-AFE4-1D44B5A512A1}"
EndProject
Project("{FAE04EC0-301F-11D3-BF4B-00C04F79EFBC}") = "SafetySharp", "Source\SafetySharp\SafetySharp.csproj", "{9B6C1FB4-3F1B-43AC-A0E0-EAED4088BF37}"
EndProject
Project("{2150E333-8FDC-42A3-9474-1A3956D46DE8}") = "ltsmin", "ltsmin", "{A4BEFCF9-EE88-4604-B40D-12156687013D}"
EndProject
Project("{8BC9CEB8-8B4A-11D0-8D11-00A0C91BC942}") = "ltsmin-shared", "Source\ltsmin\ltsmin-shared\ltsmin-shared.vcxitems", "{45D41ACC-2C3C-43D2-BC10-02AA73FFC7C7}"
EndProject
Project("{8BC9CEB8-8B4A-11D0-8D11-00A0C91BC942}") = "ltsmin-seq", "Source\ltsmin\ltsmin-seq\ltsmin-seq.vcxproj", "{96F3A853-B30A-4413-98C8-C9AAA4C084DE}"
	ProjectSection(ProjectDependencies) = postProject
		{9B6C1FB4-3F1B-43AC-A0E0-EAED4088BF37} = {9B6C1FB4-3F1B-43AC-A0E0-EAED4088BF37}
	EndProjectSection
EndProject
Project("{8BC9CEB8-8B4A-11D0-8D11-00A0C91BC942}") = "ltsmin-mc", "Source\ltsmin\ltsmin-mc\ltsmin-mc.vcxproj", "{C95B6D75-A774-4099-9A8C-428D8BF68DB2}"
	ProjectSection(ProjectDependencies) = postProject
		{9B6C1FB4-3F1B-43AC-A0E0-EAED4088BF37} = {9B6C1FB4-3F1B-43AC-A0E0-EAED4088BF37}
	EndProjectSection
EndProject
Project("{8BC9CEB8-8B4A-11D0-8D11-00A0C91BC942}") = "ltsmin-sym", "Source\ltsmin\ltsmin-sym\ltsmin-sym.vcxproj", "{D49BF60F-6F8C-4686-8BF7-1A6B45CC15BE}"
	ProjectSection(ProjectDependencies) = postProject
		{9B6C1FB4-3F1B-43AC-A0E0-EAED4088BF37} = {9B6C1FB4-3F1B-43AC-A0E0-EAED4088BF37}
	EndProjectSection
EndProject
Global
	GlobalSection(SharedMSBuildProjectFiles) = preSolution
		Source\ltsmin\ltsmin-shared\ltsmin-shared.vcxitems*{d49bf60f-6f8c-4686-8bf7-1a6b45cc15be}*SharedItemsImports = 4
		Source\ltsmin\ltsmin-shared\ltsmin-shared.vcxitems*{96f3a853-b30a-4413-98c8-c9aaa4c084de}*SharedItemsImports = 4
		Source\ltsmin\ltsmin-shared\ltsmin-shared.vcxitems*{c95b6d75-a774-4099-9a8c-428d8bf68db2}*SharedItemsImports = 4
		Source\ltsmin\ltsmin-shared\ltsmin-shared.vcxitems*{45d41acc-2c3c-43d2-bc10-02aa73ffc7c7}*SharedItemsImports = 9
	EndGlobalSection
	GlobalSection(SolutionConfigurationPlatforms) = preSolution
		Debug|Any CPU = Debug|Any CPU
		Release|Any CPU = Release|Any CPU
	EndGlobalSection
	GlobalSection(ProjectConfigurationPlatforms) = postSolution
		{8823091C-387F-4F4D-ABCD-8F71D1528CBB}.Debug|Any CPU.ActiveCfg = Debug|Any CPU
		{8823091C-387F-4F4D-ABCD-8F71D1528CBB}.Debug|Any CPU.Build.0 = Debug|Any CPU
		{8823091C-387F-4F4D-ABCD-8F71D1528CBB}.Release|Any CPU.ActiveCfg = Release|Any CPU
		{8823091C-387F-4F4D-ABCD-8F71D1528CBB}.Release|Any CPU.Build.0 = Release|Any CPU
		{EC9C05C6-0E59-4DE3-AFE4-1D44B5A512A1}.Debug|Any CPU.ActiveCfg = Debug|Any CPU
		{EC9C05C6-0E59-4DE3-AFE4-1D44B5A512A1}.Debug|Any CPU.Build.0 = Debug|Any CPU
		{EC9C05C6-0E59-4DE3-AFE4-1D44B5A512A1}.Release|Any CPU.ActiveCfg = Release|Any CPU
		{EC9C05C6-0E59-4DE3-AFE4-1D44B5A512A1}.Release|Any CPU.Build.0 = Release|Any CPU
		{9B6C1FB4-3F1B-43AC-A0E0-EAED4088BF37}.Debug|Any CPU.ActiveCfg = Debug|Any CPU
		{9B6C1FB4-3F1B-43AC-A0E0-EAED4088BF37}.Debug|Any CPU.Build.0 = Debug|Any CPU
		{9B6C1FB4-3F1B-43AC-A0E0-EAED4088BF37}.Release|Any CPU.ActiveCfg = Release|Any CPU
		{9B6C1FB4-3F1B-43AC-A0E0-EAED4088BF37}.Release|Any CPU.Build.0 = Release|Any CPU
		{96F3A853-B30A-4413-98C8-C9AAA4C084DE}.Debug|Any CPU.ActiveCfg = Debug|x64
		{96F3A853-B30A-4413-98C8-C9AAA4C084DE}.Debug|Any CPU.Build.0 = Debug|x64
		{96F3A853-B30A-4413-98C8-C9AAA4C084DE}.Release|Any CPU.ActiveCfg = Release|x64
		{96F3A853-B30A-4413-98C8-C9AAA4C084DE}.Release|Any CPU.Build.0 = Release|x64
		{C95B6D75-A774-4099-9A8C-428D8BF68DB2}.Debug|Any CPU.ActiveCfg = Debug|x64
		{C95B6D75-A774-4099-9A8C-428D8BF68DB2}.Debug|Any CPU.Build.0 = Debug|x64
		{C95B6D75-A774-4099-9A8C-428D8BF68DB2}.Release|Any CPU.ActiveCfg = Release|x64
		{C95B6D75-A774-4099-9A8C-428D8BF68DB2}.Release|Any CPU.Build.0 = Release|x64
		{D49BF60F-6F8C-4686-8BF7-1A6B45CC15BE}.Debug|Any CPU.ActiveCfg = Debug|x64
		{D49BF60F-6F8C-4686-8BF7-1A6B45CC15BE}.Debug|Any CPU.Build.0 = Debug|x64
		{D49BF60F-6F8C-4686-8BF7-1A6B45CC15BE}.Release|Any CPU.ActiveCfg = Release|x64
		{D49BF60F-6F8C-4686-8BF7-1A6B45CC15BE}.Release|Any CPU.Build.0 = Release|x64
	EndGlobalSection
	GlobalSection(SolutionProperties) = preSolution
		HideSolutionNode = FALSE
	EndGlobalSection
	GlobalSection(NestedProjects) = preSolution
		{45D41ACC-2C3C-43D2-BC10-02AA73FFC7C7} = {A4BEFCF9-EE88-4604-B40D-12156687013D}
		{96F3A853-B30A-4413-98C8-C9AAA4C084DE} = {A4BEFCF9-EE88-4604-B40D-12156687013D}
		{C95B6D75-A774-4099-9A8C-428D8BF68DB2} = {A4BEFCF9-EE88-4604-B40D-12156687013D}
		{D49BF60F-6F8C-4686-8BF7-1A6B45CC15BE} = {A4BEFCF9-EE88-4604-B40D-12156687013D}
	EndGlobalSection
EndGlobal
