
Microsoft Visual Studio Solution File, Format Version 12.00
# Visual Studio 14
VisualStudioVersion = 14.0.25420.1
MinimumVisualStudioVersion = 10.0.40219.1
Project("{2150E333-8FDC-42A3-9474-1A3956D46DE8}") = "Core", "Core", "{64793805-8DC9-4A61-B41B-3369490319CD}"
EndProject
Project("{FAE04EC0-301F-11D3-BF4B-00C04F79EFBC}") = "SafetyChecking", "Source\SafetyChecking\SafetyChecking.csproj", "{A91CB8AF-8A4C-4F69-848E-B3962F9A94F9}"
EndProject
Project("{FAE04EC0-301F-11D3-BF4B-00C04F79EFBC}") = "SafetyCheckingTests", "SafetyCheckingTests\SafetyCheckingTests.csproj", "{BDCD5EA9-61C8-415D-ADDA-F3A70D3EFA1D}"
	ProjectSection(ProjectDependencies) = postProject
		{A91CB8AF-8A4C-4F69-848E-B3962F9A94F9} = {A91CB8AF-8A4C-4F69-848E-B3962F9A94F9}
	EndProjectSection
EndProject
Project("{FAE04EC0-301F-11D3-BF4B-00C04F79EFBC}") = "SafetyLustreTest", "SafetyLustreTest\SafetyLustreTest.csproj", "{42BAFDE5-29C3-4ABC-BF49-B91455DBE667}"
EndProject
Project("{FAE04EC0-301F-11D3-BF4B-00C04F79EFBC}") = "SafetyLustre", "Source\SafetyLustre\SafetyLustre.csproj", "{CC928659-8CCF-4357-BD4F-224F80C5C79A}"
EndProject
Project("{2150E333-8FDC-42A3-9474-1A3956D46DE8}") = "Models", "Models", "{BE667956-9EB4-4A44-9804-6510D518D0CA}"
EndProject
Project("{FAE04EC0-301F-11D3-BF4B-00C04F79EFBC}") = "Lustre Models", "Models\Lustre Models\Lustre Models.csproj", "{7454E37B-B75D-4B8C-8169-0D1F6DD02FCE}"
EndProject
Global
	GlobalSection(SolutionConfigurationPlatforms) = preSolution
		Debug|Any CPU = Debug|Any CPU
		Release|Any CPU = Release|Any CPU
	EndGlobalSection
	GlobalSection(ProjectConfigurationPlatforms) = postSolution
		{A91CB8AF-8A4C-4F69-848E-B3962F9A94F9}.Debug|Any CPU.ActiveCfg = Debug|Any CPU
		{A91CB8AF-8A4C-4F69-848E-B3962F9A94F9}.Debug|Any CPU.Build.0 = Debug|Any CPU
		{A91CB8AF-8A4C-4F69-848E-B3962F9A94F9}.Release|Any CPU.ActiveCfg = Release|Any CPU
		{A91CB8AF-8A4C-4F69-848E-B3962F9A94F9}.Release|Any CPU.Build.0 = Release|Any CPU
		{BDCD5EA9-61C8-415D-ADDA-F3A70D3EFA1D}.Debug|Any CPU.ActiveCfg = Debug|Any CPU
		{BDCD5EA9-61C8-415D-ADDA-F3A70D3EFA1D}.Debug|Any CPU.Build.0 = Debug|Any CPU
		{BDCD5EA9-61C8-415D-ADDA-F3A70D3EFA1D}.Release|Any CPU.ActiveCfg = Release|Any CPU
		{BDCD5EA9-61C8-415D-ADDA-F3A70D3EFA1D}.Release|Any CPU.Build.0 = Release|Any CPU
		{42BAFDE5-29C3-4ABC-BF49-B91455DBE667}.Debug|Any CPU.ActiveCfg = Debug|Any CPU
		{42BAFDE5-29C3-4ABC-BF49-B91455DBE667}.Debug|Any CPU.Build.0 = Debug|Any CPU
		{42BAFDE5-29C3-4ABC-BF49-B91455DBE667}.Release|Any CPU.ActiveCfg = Release|Any CPU
		{42BAFDE5-29C3-4ABC-BF49-B91455DBE667}.Release|Any CPU.Build.0 = Release|Any CPU
		{CC928659-8CCF-4357-BD4F-224F80C5C79A}.Debug|Any CPU.ActiveCfg = Debug|Any CPU
		{CC928659-8CCF-4357-BD4F-224F80C5C79A}.Debug|Any CPU.Build.0 = Debug|Any CPU
		{CC928659-8CCF-4357-BD4F-224F80C5C79A}.Release|Any CPU.ActiveCfg = Release|Any CPU
		{CC928659-8CCF-4357-BD4F-224F80C5C79A}.Release|Any CPU.Build.0 = Release|Any CPU
		{7454E37B-B75D-4B8C-8169-0D1F6DD02FCE}.Debug|Any CPU.ActiveCfg = Debug|Any CPU
		{7454E37B-B75D-4B8C-8169-0D1F6DD02FCE}.Debug|Any CPU.Build.0 = Debug|Any CPU
		{7454E37B-B75D-4B8C-8169-0D1F6DD02FCE}.Release|Any CPU.ActiveCfg = Release|Any CPU
		{7454E37B-B75D-4B8C-8169-0D1F6DD02FCE}.Release|Any CPU.Build.0 = Release|Any CPU
	EndGlobalSection
	GlobalSection(SolutionProperties) = preSolution
		HideSolutionNode = FALSE
	EndGlobalSection
	GlobalSection(NestedProjects) = preSolution
		{A91CB8AF-8A4C-4F69-848E-B3962F9A94F9} = {64793805-8DC9-4A61-B41B-3369490319CD}
		{BDCD5EA9-61C8-415D-ADDA-F3A70D3EFA1D} = {64793805-8DC9-4A61-B41B-3369490319CD}
		{42BAFDE5-29C3-4ABC-BF49-B91455DBE667} = {64793805-8DC9-4A61-B41B-3369490319CD}
		{CC928659-8CCF-4357-BD4F-224F80C5C79A} = {64793805-8DC9-4A61-B41B-3369490319CD}
		{7454E37B-B75D-4B8C-8169-0D1F6DD02FCE} = {BE667956-9EB4-4A44-9804-6510D518D0CA}
	EndGlobalSection
EndGlobal
