
Microsoft Visual Studio Solution File, Format Version 12.00
# Visual Studio 15
VisualStudioVersion = 15.0.27428.2015
MinimumVisualStudioVersion = 10.0.40219.1
Project("{2150E333-8FDC-42A3-9474-1A3956D46DE8}") = "Core", "Core", "{64793805-8DC9-4A61-B41B-3369490319CD}"
EndProject
Project("{FAE04EC0-301F-11D3-BF4B-00C04F79EFBC}") = "SafetyLustre", "Source\SafetyLustre\SafetyLustre.csproj", "{CC928659-8CCF-4357-BD4F-224F80C5C79A}"
EndProject
Project("{FAE04EC0-301F-11D3-BF4B-00C04F79EFBC}") = "SafetyLustre.ANTLR", "Source\SafetyLustre.ANTLR\SafetyLustre.ANTLR.csproj", "{CFAAFD6C-76B7-400A-A715-2EB0B8EE0899}"
EndProject
Project("{FAE04EC0-301F-11D3-BF4B-00C04F79EFBC}") = "SafetyLustre.ANTLR.Tests", "Source\SafetyLustre.ANTLR.Tests\SafetyLustre.ANTLR.Tests.csproj", "{A1BF68D6-A34D-4892-9A5C-7DB3A4F2A01D}"
EndProject
Global
	GlobalSection(SolutionConfigurationPlatforms) = preSolution
		Debug|Any CPU = Debug|Any CPU
		Release|Any CPU = Release|Any CPU
	EndGlobalSection
	GlobalSection(ProjectConfigurationPlatforms) = postSolution
		{CC928659-8CCF-4357-BD4F-224F80C5C79A}.Debug|Any CPU.ActiveCfg = Debug|Any CPU
		{CC928659-8CCF-4357-BD4F-224F80C5C79A}.Debug|Any CPU.Build.0 = Debug|Any CPU
		{CC928659-8CCF-4357-BD4F-224F80C5C79A}.Release|Any CPU.ActiveCfg = Release|Any CPU
		{CC928659-8CCF-4357-BD4F-224F80C5C79A}.Release|Any CPU.Build.0 = Release|Any CPU
		{CFAAFD6C-76B7-400A-A715-2EB0B8EE0899}.Debug|Any CPU.ActiveCfg = Debug|Any CPU
		{CFAAFD6C-76B7-400A-A715-2EB0B8EE0899}.Debug|Any CPU.Build.0 = Debug|Any CPU
		{CFAAFD6C-76B7-400A-A715-2EB0B8EE0899}.Release|Any CPU.ActiveCfg = Release|Any CPU
		{CFAAFD6C-76B7-400A-A715-2EB0B8EE0899}.Release|Any CPU.Build.0 = Release|Any CPU
		{A1BF68D6-A34D-4892-9A5C-7DB3A4F2A01D}.Debug|Any CPU.ActiveCfg = Debug|Any CPU
		{A1BF68D6-A34D-4892-9A5C-7DB3A4F2A01D}.Debug|Any CPU.Build.0 = Debug|Any CPU
		{A1BF68D6-A34D-4892-9A5C-7DB3A4F2A01D}.Release|Any CPU.ActiveCfg = Release|Any CPU
		{A1BF68D6-A34D-4892-9A5C-7DB3A4F2A01D}.Release|Any CPU.Build.0 = Release|Any CPU
	EndGlobalSection
	GlobalSection(SolutionProperties) = preSolution
		HideSolutionNode = FALSE
	EndGlobalSection
	GlobalSection(NestedProjects) = preSolution
		{CC928659-8CCF-4357-BD4F-224F80C5C79A} = {64793805-8DC9-4A61-B41B-3369490319CD}
		{CFAAFD6C-76B7-400A-A715-2EB0B8EE0899} = {64793805-8DC9-4A61-B41B-3369490319CD}
		{A1BF68D6-A34D-4892-9A5C-7DB3A4F2A01D} = {64793805-8DC9-4A61-B41B-3369490319CD}
	EndGlobalSection
	GlobalSection(ExtensibilityGlobals) = postSolution
		SolutionGuid = {AA5452D7-CDA9-4CD9-B4F9-D1CADC735BF9}
	EndGlobalSection
EndGlobal
